{
  "name": "@zkpip/adapters-groth16",
  "version": "0.1.0",
  "lockfileVersion": 3,
  "requires": true,
  "packages": {
    "": {
      "name": "@zkpip/adapters-groth16",
      "version": "0.1.0",
      "dependencies": {
        "@zkpip/cli": "file:../../cli",
        "@zkpip/core": "file:../../core"
      }
    },
    "../../cli": {
      "name": "@zkpip/cli",
      "version": "0.1.0",
      "dependencies": {
        "@zkpip/adapters-groth16": "file:../adapters/groth16",
        "@zkpip/adapters-plonk": "file:../adapters/plonk",
        "@zkpip/adapters-stark": "file:../adapters/stark",
        "@zkpip/batchseal": "file:../batchseal",
        "@zkpip/core": "file:../core",
        "glob": "^10.4.5"
      },
      "bin": {
        "zkpip": "dist/bin.js"
      },
      "devDependencies": {
        "@types/node": "^20.14.12",
        "typescript": "^5.5.4",
        "vitest": "^3.2.4"
      }
    },
    "../../core": {
      "name": "@zkpip/core",
      "version": "0.1.0",
      "dependencies": {
        "@zkpip/cli": "file:../cli",
        "ajv": "^8.17.1",
        "ajv-formats": "^3.0.1",
        "tsx": "^4.20.5",
        "vitest": "^3.2.4"
      },
      "devDependencies": {
        "@eslint/js": "^9.34.0",
        "@types/node": "^20.19.11",
        "@vitest/coverage-v8": "^3.2.4",
        "eslint": "^9.34.0",
        "globals": "^16.3.0",
        "typescript": "^5.9.2",
        "typescript-eslint": "^8.41.0"
      }
    },
    "node_modules/@zkpip/cli": {
      "resolved": "../../cli",
      "link": true
    },
    "node_modules/@zkpip/core": {
      "resolved": "../../core",
      "link": true
    }
  }
}
